
Microsoft Visual Studio Solution File, Format Version 12.00
# Visual Studio Version 17
VisualStudioVersion = 17.13.35806.99
MinimumVisualStudioVersion = 10.0.40219.1
Project("{9A19103F-16F7-4668-BE54-9A1E7A4F7556}") = "EmployeeProject.Console", "EmployeeProject\EmployeeProject.Console.csproj", "{87E2C853-C7C6-46F7-8C3B-8772151703C5}"
EndProject
Project("{FAE04EC0-301F-11D3-BF4B-00C04F79EFBC}") = "EmployeeProject.Desktop", "EmployeeProject.Desktop\EmployeeProject.Desktop.csproj", "{2FD943F6-AECD-40BD-A24C-011946FA5E11}"
EndProject
Global
	GlobalSection(SolutionConfigurationPlatforms) = preSolution
		Debug|Any CPU = Debug|Any CPU
		Release|Any CPU = Release|Any CPU
	EndGlobalSection
	GlobalSection(ProjectConfigurationPlatforms) = postSolution
		{87E2C853-C7C6-46F7-8C3B-8772151703C5}.Debug|Any CPU.ActiveCfg = Debug|Any CPU
		{87E2C853-C7C6-46F7-8C3B-8772151703C5}.Debug|Any CPU.Build.0 = Debug|Any CPU
		{87E2C853-C7C6-46F7-8C3B-8772151703C5}.Release|Any CPU.ActiveCfg = Release|Any CPU
		{87E2C853-C7C6-46F7-8C3B-8772151703C5}.Release|Any CPU.Build.0 = Release|Any CPU
		{2FD943F6-AECD-40BD-A24C-011946FA5E11}.Debug|Any CPU.ActiveCfg = Debug|Any CPU
		{2FD943F6-AECD-40BD-A24C-011946FA5E11}.Debug|Any CPU.Build.0 = Debug|Any CPU
		{2FD943F6-AECD-40BD-A24C-011946FA5E11}.Release|Any CPU.ActiveCfg = Release|Any CPU
		{2FD943F6-AECD-40BD-A24C-011946FA5E11}.Release|Any CPU.Build.0 = Release|Any CPU
	EndGlobalSection
	GlobalSection(SolutionProperties) = preSolution
		HideSolutionNode = FALSE
	EndGlobalSection
	GlobalSection(ExtensibilityGlobals) = postSolution
		SolutionGuid = {EF92FD4F-11F9-4FF9-8CBF-8067EE714F21}
	EndGlobalSection
EndGlobal
